{
  "object": {
    "pins": [
      {
        "package": "CocoaImageHashing",
        "repositoryURL": "https://github.com/ameingast/cocoaimagehashing",
        "state": {
          "branch": null,
          "revision": "ad01eee3c3f91bd181f7f4eba7f48f7cb211b51c",
          "version": "1.9.0"
        }
      },
      {
        "package": "MapboxCommon",
        "repositoryURL": "https://github.com/mapbox/mapbox-common-ios.git",
        "state": {
          "branch": "snapshot-for-testing",
          "revision": "e0a1e4fcdf54f4dd5de9681503ecaf79d67e5722",
          "version": null
        }
      },
      {
        "package": "MapboxCoreMaps",
        "repositoryURL": "https://github.com/mapbox/mapbox-core-maps-ios.git",
        "state": {
          "branch": null,
          "revision": "ebb10128747d417c23755486eeb976fbe89f103c",
          "version": "10.1.0"
        }
      },
      {
        "package": "MapboxMobileEvents",
        "repositoryURL": "https://github.com/mapbox/mapbox-events-ios.git",
        "state": {
          "branch": null,
          "revision": "e29f48d9ed02b31ef51f9774a9c45f1d7c2c2b78",
          "version": "1.0.6"
        }
      },
      {
        "package": "Turf",
        "repositoryURL": "https://github.com/mapbox/turf-swift.git",
        "state": {
          "branch": null,
          "revision": "dccd79aee4c21298d1beb81cc0e86eccbe911ae0",
          "version": "2.0.0"
        }
      }
    ]
  },
  "version": 1
}
